
Microsoft Visual Studio Solution File, Format Version 12.00
# Visual Studio Version 16
VisualStudioVersion = 16.0.30011.22
MinimumVisualStudioVersion = 10.0.40219.1
Project("{FAE04EC0-301F-11D3-BF4B-00C04F79EFBC}") = "OOP_lab_4_17_1", "OOP_lab_4_17_1\OOP_lab_4_17_1.csproj", "{49158A50-1127-4C99-9C8A-298EDA104D9E}"
EndProject
Project("{FAE04EC0-301F-11D3-BF4B-00C04F79EFBC}") = "Test", "Test\Test.csproj", "{1E4D9693-5254-4B17-A214-63393E2C95B5}"
EndProject
Global
	GlobalSection(SolutionConfigurationPlatforms) = preSolution
		Debug|Any CPU = Debug|Any CPU
		Release|Any CPU = Release|Any CPU
	EndGlobalSection
	GlobalSection(ProjectConfigurationPlatforms) = postSolution
		{49158A50-1127-4C99-9C8A-298EDA104D9E}.Debug|Any CPU.ActiveCfg = Debug|Any CPU
		{49158A50-1127-4C99-9C8A-298EDA104D9E}.Debug|Any CPU.Build.0 = Debug|Any CPU
		{49158A50-1127-4C99-9C8A-298EDA104D9E}.Release|Any CPU.ActiveCfg = Release|Any CPU
		{49158A50-1127-4C99-9C8A-298EDA104D9E}.Release|Any CPU.Build.0 = Release|Any CPU
		{1E4D9693-5254-4B17-A214-63393E2C95B5}.Debug|Any CPU.ActiveCfg = Debug|Any CPU
		{1E4D9693-5254-4B17-A214-63393E2C95B5}.Debug|Any CPU.Build.0 = Debug|Any CPU
		{1E4D9693-5254-4B17-A214-63393E2C95B5}.Release|Any CPU.ActiveCfg = Release|Any CPU
		{1E4D9693-5254-4B17-A214-63393E2C95B5}.Release|Any CPU.Build.0 = Release|Any CPU
	EndGlobalSection
	GlobalSection(SolutionProperties) = preSolution
		HideSolutionNode = FALSE
	EndGlobalSection
	GlobalSection(ExtensibilityGlobals) = postSolution
		SolutionGuid = {1A4E5276-7112-4034-BDEC-3373A5D06A44}
	EndGlobalSection
EndGlobal
